
Microsoft Visual Studio Solution File, Format Version 12.00
# Visual Studio Version 16
VisualStudioVersion = 16.0.31624.102
MinimumVisualStudioVersion = 10.0.40219.1
Project("{8BC9CEB8-8B4A-11D0-8D11-00A0C91BC942}") = "CIS1202 501 Assignment 15A David Dresdow", "CIS1202 501 Assignment 15A David Dresdow.vcxproj", "{0866FE5D-6B8D-4AA2-86A8-9AA67B3B5BE6}"
EndProject
Global
	GlobalSection(SolutionConfigurationPlatforms) = preSolution
		Debug|x64 = Debug|x64
		Debug|x86 = Debug|x86
		Release|x64 = Release|x64
		Release|x86 = Release|x86
	EndGlobalSection
	GlobalSection(ProjectConfigurationPlatforms) = postSolution
		{0866FE5D-6B8D-4AA2-86A8-9AA67B3B5BE6}.Debug|x64.ActiveCfg = Debug|x64
		{0866FE5D-6B8D-4AA2-86A8-9AA67B3B5BE6}.Debug|x64.Build.0 = Debug|x64
		{0866FE5D-6B8D-4AA2-86A8-9AA67B3B5BE6}.Debug|x86.ActiveCfg = Debug|Win32
		{0866FE5D-6B8D-4AA2-86A8-9AA67B3B5BE6}.Debug|x86.Build.0 = Debug|Win32
		{0866FE5D-6B8D-4AA2-86A8-9AA67B3B5BE6}.Release|x64.ActiveCfg = Release|x64
		{0866FE5D-6B8D-4AA2-86A8-9AA67B3B5BE6}.Release|x64.Build.0 = Release|x64
		{0866FE5D-6B8D-4AA2-86A8-9AA67B3B5BE6}.Release|x86.ActiveCfg = Release|Win32
		{0866FE5D-6B8D-4AA2-86A8-9AA67B3B5BE6}.Release|x86.Build.0 = Release|Win32
	EndGlobalSection
	GlobalSection(SolutionProperties) = preSolution
		HideSolutionNode = FALSE
	EndGlobalSection
	GlobalSection(ExtensibilityGlobals) = postSolution
		SolutionGuid = {AC55BC3A-7DE3-412A-81BE-C07B25A91270}
	EndGlobalSection
EndGlobal
